
Microsoft Visual Studio Solution File, Format Version 12.00
# Visual Studio 15
VisualStudioVersion = 15.0.28307.1145
MinimumVisualStudioVersion = 10.0.40219.1
Project("{FAE04EC0-301F-11D3-BF4B-00C04F79EFBC}") = "Lomi.Core", "Lomi.Core\Lomi.Core.csproj", "{F06D65E1-6BE5-4F3B-B695-BD0CDDA5A786}"
EndProject
Project("{9A19103F-16F7-4668-BE54-9A1E7A4F7556}") = "Lomi.LeadDelivery.Job", "Lomi.LeadDelivery.Job\Lomi.LeadDelivery.Job.csproj", "{0D0744E0-76C0-4C14-9E63-F8A4C119D855}"
EndProject
Project("{FAE04EC0-301F-11D3-BF4B-00C04F79EFBC}") = "Lomi.Domain", "Lomi.Domain\Lomi.Domain.csproj", "{26887FC6-AE93-4754-9F8F-EAD0939DEC5E}"
EndProject
Project("{FAE04EC0-301F-11D3-BF4B-00C04F79EFBC}") = "Lomi.Infrastructure.GraphDB", "Lomi.Infrastructure.GraphDB\Lomi.Infrastructure.GraphDB.csproj", "{DF791FB5-7451-406A-AAD2-01247FCD4FCF}"
EndProject
Project("{FAE04EC0-301F-11D3-BF4B-00C04F79EFBC}") = "Lomi.Infrastructure.Persistence", "Lomi.Infrastructure.Persistence\Lomi.Infrastructure.Persistence.csproj", "{4F0B19E8-7B66-4E2D-9CDC-20929D9FFD05}"
EndProject
Project("{FAE04EC0-301F-11D3-BF4B-00C04F79EFBC}") = "Lomi.Service", "Lomi.Service\Lomi.Service.csproj", "{8AB1EF54-88EE-45B3-AA90-E5F20F6DADA1}"
EndProject
Project("{FAE04EC0-301F-11D3-BF4B-00C04F79EFBC}") = "Lomi.Infrastructure", "Lomi.Infrastructure\Lomi.Infrastructure.csproj", "{81D32964-D86F-4A60-AF2E-9EDCB37DC79E}"
EndProject
Project("{FAE04EC0-301F-11D3-BF4B-00C04F79EFBC}") = "Recommendations.Client", "Recommendations.Client\Recommendations.Client.csproj", "{8C5E1916-A29B-4479-BA15-57F1F2D0C6E8}"
EndProject
Project("{2150E333-8FDC-42A3-9474-1A3956D46DE8}") = "RecommendationEngine", "RecommendationEngine", "{1D74ABFE-9A2B-490D-A053-7AF815EF4523}"
EndProject
Project("{FAE04EC0-301F-11D3-BF4B-00C04F79EFBC}") = "Recommendations.Generator", "Recommendations.Generator\Recommendations.Generator.csproj", "{7A01BA78-A0AD-44B6-9487-F4B60AA4673D}"
EndProject
Project("{FAE04EC0-301F-11D3-BF4B-00C04F79EFBC}") = "Recommendations.Trainer", "Recommendations.Trainer\Recommendations.Trainer.csproj", "{79B21BFD-9BFE-4A05-AE2E-D97BD9E09D6F}"
EndProject
Project("{9A19103F-16F7-4668-BE54-9A1E7A4F7556}") = "Recommendations.Trainer.Job", "Recommendations.Trainer.Job\Recommendations.Trainer.Job.csproj", "{0A09413B-6179-4D34-8753-AA33E939E952}"
EndProject
Project("{9A19103F-16F7-4668-BE54-9A1E7A4F7556}") = "Recommendations.Learner.Job", "Recommendations.Learner.Job\Recommendations.Learner.Job.csproj", "{BA7E02AD-E069-4851-AFF6-312191475719}"
EndProject
Project("{9A19103F-16F7-4668-BE54-9A1E7A4F7556}") = "DataSource.LinkedIn.Job", "DataSource.LinkedIn.Job\DataSource.LinkedIn.Job.csproj", "{0C7B747F-0C87-4A16-AC41-8520860713BB}"
EndProject
Project("{9A19103F-16F7-4668-BE54-9A1E7A4F7556}") = "DataSource.Google.Job", "DataSource.Google.Job\DataSource.Google.Job.csproj", "{827A4311-6F8C-4378-8481-5342255C5B40}"
EndProject
Project("{9A19103F-16F7-4668-BE54-9A1E7A4F7556}") = "DataSource.Facebook.Job", "DataSource.Facebook.Job\DataSource.Facebook.Job.csproj", "{1B366125-479D-463F-93BE-FA88A26B1D62}"
EndProject
Project("{9A19103F-16F7-4668-BE54-9A1E7A4F7556}") = "DataSource.Crunchbase.Job", "DataSource.Crunchbase.Job\DataSource.Crunchbase.Job.csproj", "{8755EE05-F3CE-4054-BD0F-C0DDE86F0BC4}"
EndProject
Project("{2150E333-8FDC-42A3-9474-1A3956D46DE8}") = "WebJobs", "WebJobs", "{DD0ACA2A-043F-463B-A9BD-D030BB756BFD}"
EndProject
Project("{2150E333-8FDC-42A3-9474-1A3956D46DE8}") = "APIs", "APIs", "{3BC2AB0E-64A1-456C-A5D6-D4DD7ADBF8E7}"
EndProject
Project("{FAE04EC0-301F-11D3-BF4B-00C04F79EFBC}") = "Lomi.Infrastructure.WordsApi", "Lomi.Infrastructure.WordsApi\Lomi.Infrastructure.WordsApi.csproj", "{9B5D1581-F623-4247-BB22-44A566B00AA5}"
EndProject
Project("{FAE04EC0-301F-11D3-BF4B-00C04F79EFBC}") = "Lomi.Infrastructure.DataIndexing", "Lomi.Infrastructure.DataIndexing\Lomi.Infrastructure.DataIndexing.csproj", "{F26747A5-90D4-4F8F-A906-4355EC4E68CF}"
EndProject
Project("{FAE04EC0-301F-11D3-BF4B-00C04F79EFBC}") = "MicrosoftDynamics.API", "MicrosoftDynamics.API\MicrosoftDynamics.API.csproj", "{747DDE3D-96FD-43F4-B49D-79A42ABE885F}"
EndProject
Project("{FAE04EC0-301F-11D3-BF4B-00C04F79EFBC}") = "SalesForce.API", "SalesForce.API\SalesForce.API.csproj", "{68F5C9BC-7EAF-4572-A3BF-F050914CC761}"
EndProject
Project("{FAE04EC0-301F-11D3-BF4B-00C04F79EFBC}") = "Wikipedia.MediaWiki.API", "Wikipedia.MediaWiki.API\Wikipedia.MediaWiki.API.csproj", "{84664B0A-B5E5-4C17-9C97-1E8C6E7345EA}"
EndProject
Project("{FAE04EC0-301F-11D3-BF4B-00C04F79EFBC}") = "Crunchbase.API", "Crunchbase.API\Crunchbase.API.csproj", "{808AE7C0-1A42-4E75-98DB-43191A020F5A}"
EndProject
Project("{FAE04EC0-301F-11D3-BF4B-00C04F79EFBC}") = "Facebook.API", "Facebook.API\Facebook.API.csproj", "{A14A9BAF-2FAA-4405-9ADD-696965989C37}"
EndProject
Project("{FAE04EC0-301F-11D3-BF4B-00C04F79EFBC}") = "Google.API", "Google.API\Google.API.csproj", "{C62F12A1-79B8-4D0D-A0A6-31C221A12867}"
EndProject
Project("{FAE04EC0-301F-11D3-BF4B-00C04F79EFBC}") = "GoogleCalendar.API", "GoogleCalendar.API\GoogleCalendar.API.csproj", "{E1C6725F-612E-4909-A8E7-FEF9D2F03454}"
EndProject
Project("{FAE04EC0-301F-11D3-BF4B-00C04F79EFBC}") = "GooglePeople.API", "GooglePeople.API\GooglePeople.API.csproj", "{CEA0BA2F-67A7-4F98-92E4-0AA2D540BD02}"
EndProject
Project("{FAE04EC0-301F-11D3-BF4B-00C04F79EFBC}") = "GooglePlaces.API", "GooglePlaces.API\GooglePlaces.API.csproj", "{3391F39A-ADE2-4234-BCF3-25E5F3326992}"
EndProject
Project("{FAE04EC0-301F-11D3-BF4B-00C04F79EFBC}") = "Twitter.API", "Twitter.API\Twitter.API.csproj", "{422990D0-46B6-4497-BAF7-3A38A8D92BCE}"
EndProject
Project("{FAE04EC0-301F-11D3-BF4B-00C04F79EFBC}") = "ZohoCRM.API", "ZohoCRM.API\ZohoCRM.API.csproj", "{23A30DAC-0C91-4DF9-AA27-7F816096FCAD}"
EndProject
Project("{FAE04EC0-301F-11D3-BF4B-00C04F79EFBC}") = "LinkedIn.API", "LinkedIn.API\LinkedIn.API.csproj", "{CE15F382-2466-4E2B-A382-AF68B28B3849}"
EndProject
Project("{FAE04EC0-301F-11D3-BF4B-00C04F79EFBC}") = "Lomi.ConsoleApp", "Lomi.ConsoleApp\Lomi.ConsoleApp.csproj", "{88BF4006-2AD7-405B-9763-805CFE9E457D}"
EndProject
Project("{FAE04EC0-301F-11D3-BF4B-00C04F79EFBC}") = "Lomi.API", "Lomi.API\Lomi.API.csproj", "{0D8E190C-6F3F-4F8F-8DAB-CBF86C050A71}"
EndProject
Project("{FAE04EC0-301F-11D3-BF4B-00C04F79EFBC}") = "Lomi.Onboarding.Account.Job", "Lomi.Onboarding.Account.Job\Lomi.Onboarding.Account.Job.csproj", "{084042E9-B432-485B-82E8-8189AB5828D4}"
EndProject
Project("{FAE04EC0-301F-11D3-BF4B-00C04F79EFBC}") = "Lomi.Onboarding.Company.Job", "Lomi.Onboarding.Company.Job\Lomi.Onboarding.Company.Job.csproj", "{3F9191E6-F40C-4C17-B801-CAE4600B1BDB}"
EndProject
Project("{FAE04EC0-301F-11D3-BF4B-00C04F79EFBC}") = "Lomi.LeadInteraction.Job", "Lomi.LeadInteraction.Job\Lomi.LeadInteraction.Job.csproj", "{669C16BC-6DF9-42F4-A474-D3842EFB1D8D}"
EndProject
Project("{FAE04EC0-301F-11D3-BF4B-00C04F79EFBC}") = "Lomi.LeadGenerator.Job", "Lomi.LeadGenerator.Job\Lomi.LeadGenerator.Job.csproj", "{731F87EA-745A-4B2D-B3F0-58B47AF0AED4}"
EndProject
Project("{FAE04EC0-301F-11D3-BF4B-00C04F79EFBC}") = "Graph.WeightCalculator.Job", "Graph.WeightCalculator.Job\Graph.WeightCalculator.Job.csproj", "{EDE02860-E734-4208-B286-12E91B91143E}"
EndProject
Project("{FAE04EC0-301F-11D3-BF4B-00C04F79EFBC}") = "Graph.GlobalWeightCalculator.Job", "Graph.GlobalWeightCalculator.Job\Graph.GlobalWeightCalculator.Job.csproj", "{222B2228-B955-4F73-91DC-2C96407036F6}"
EndProject
Project("{FAE04EC0-301F-11D3-BF4B-00C04F79EFBC}") = "Graph.Master.Job", "Graph.Master.Job\Graph.Master.Job.csproj", "{A5DF6DD4-394C-4C77-98CC-505253FB5D99}"
EndProject
Global
	GlobalSection(SolutionConfigurationPlatforms) = preSolution
		Debug|Any CPU = Debug|Any CPU
		Debug|x64 = Debug|x64
		Release|Any CPU = Release|Any CPU
		Release|x64 = Release|x64
	EndGlobalSection
	GlobalSection(ProjectConfigurationPlatforms) = postSolution
		{F06D65E1-6BE5-4F3B-B695-BD0CDDA5A786}.Debug|Any CPU.ActiveCfg = Debug|Any CPU
		{F06D65E1-6BE5-4F3B-B695-BD0CDDA5A786}.Debug|Any CPU.Build.0 = Debug|Any CPU
		{F06D65E1-6BE5-4F3B-B695-BD0CDDA5A786}.Debug|x64.ActiveCfg = Debug|Any CPU
		{F06D65E1-6BE5-4F3B-B695-BD0CDDA5A786}.Debug|x64.Build.0 = Debug|Any CPU
		{F06D65E1-6BE5-4F3B-B695-BD0CDDA5A786}.Release|Any CPU.ActiveCfg = Release|Any CPU
		{F06D65E1-6BE5-4F3B-B695-BD0CDDA5A786}.Release|Any CPU.Build.0 = Release|Any CPU
		{F06D65E1-6BE5-4F3B-B695-BD0CDDA5A786}.Release|x64.ActiveCfg = Release|Any CPU
		{F06D65E1-6BE5-4F3B-B695-BD0CDDA5A786}.Release|x64.Build.0 = Release|Any CPU
		{0D0744E0-76C0-4C14-9E63-F8A4C119D855}.Debug|Any CPU.ActiveCfg = Debug|Any CPU
		{0D0744E0-76C0-4C14-9E63-F8A4C119D855}.Debug|Any CPU.Build.0 = Debug|Any CPU
		{0D0744E0-76C0-4C14-9E63-F8A4C119D855}.Debug|x64.ActiveCfg = Debug|Any CPU
		{0D0744E0-76C0-4C14-9E63-F8A4C119D855}.Debug|x64.Build.0 = Debug|Any CPU
		{0D0744E0-76C0-4C14-9E63-F8A4C119D855}.Release|Any CPU.ActiveCfg = Release|Any CPU
		{0D0744E0-76C0-4C14-9E63-F8A4C119D855}.Release|Any CPU.Build.0 = Release|Any CPU
		{0D0744E0-76C0-4C14-9E63-F8A4C119D855}.Release|x64.ActiveCfg = Release|Any CPU
		{0D0744E0-76C0-4C14-9E63-F8A4C119D855}.Release|x64.Build.0 = Release|Any CPU
		{26887FC6-AE93-4754-9F8F-EAD0939DEC5E}.Debug|Any CPU.ActiveCfg = Debug|Any CPU
		{26887FC6-AE93-4754-9F8F-EAD0939DEC5E}.Debug|Any CPU.Build.0 = Debug|Any CPU
		{26887FC6-AE93-4754-9F8F-EAD0939DEC5E}.Debug|x64.ActiveCfg = Debug|Any CPU
		{26887FC6-AE93-4754-9F8F-EAD0939DEC5E}.Debug|x64.Build.0 = Debug|Any CPU
		{26887FC6-AE93-4754-9F8F-EAD0939DEC5E}.Release|Any CPU.ActiveCfg = Release|Any CPU
		{26887FC6-AE93-4754-9F8F-EAD0939DEC5E}.Release|Any CPU.Build.0 = Release|Any CPU
		{26887FC6-AE93-4754-9F8F-EAD0939DEC5E}.Release|x64.ActiveCfg = Release|Any CPU
		{26887FC6-AE93-4754-9F8F-EAD0939DEC5E}.Release|x64.Build.0 = Release|Any CPU
		{DF791FB5-7451-406A-AAD2-01247FCD4FCF}.Debug|Any CPU.ActiveCfg = Debug|Any CPU
		{DF791FB5-7451-406A-AAD2-01247FCD4FCF}.Debug|Any CPU.Build.0 = Debug|Any CPU
		{DF791FB5-7451-406A-AAD2-01247FCD4FCF}.Debug|x64.ActiveCfg = Debug|Any CPU
		{DF791FB5-7451-406A-AAD2-01247FCD4FCF}.Debug|x64.Build.0 = Debug|Any CPU
		{DF791FB5-7451-406A-AAD2-01247FCD4FCF}.Release|Any CPU.ActiveCfg = Release|Any CPU
		{DF791FB5-7451-406A-AAD2-01247FCD4FCF}.Release|Any CPU.Build.0 = Release|Any CPU
		{DF791FB5-7451-406A-AAD2-01247FCD4FCF}.Release|x64.ActiveCfg = Release|Any CPU
		{DF791FB5-7451-406A-AAD2-01247FCD4FCF}.Release|x64.Build.0 = Release|Any CPU
		{4F0B19E8-7B66-4E2D-9CDC-20929D9FFD05}.Debug|Any CPU.ActiveCfg = Debug|Any CPU
		{4F0B19E8-7B66-4E2D-9CDC-20929D9FFD05}.Debug|Any CPU.Build.0 = Debug|Any CPU
		{4F0B19E8-7B66-4E2D-9CDC-20929D9FFD05}.Debug|x64.ActiveCfg = Debug|Any CPU
		{4F0B19E8-7B66-4E2D-9CDC-20929D9FFD05}.Debug|x64.Build.0 = Debug|Any CPU
		{4F0B19E8-7B66-4E2D-9CDC-20929D9FFD05}.Release|Any CPU.ActiveCfg = Release|Any CPU
		{4F0B19E8-7B66-4E2D-9CDC-20929D9FFD05}.Release|Any CPU.Build.0 = Release|Any CPU
		{4F0B19E8-7B66-4E2D-9CDC-20929D9FFD05}.Release|x64.ActiveCfg = Release|Any CPU
		{4F0B19E8-7B66-4E2D-9CDC-20929D9FFD05}.Release|x64.Build.0 = Release|Any CPU
		{8AB1EF54-88EE-45B3-AA90-E5F20F6DADA1}.Debug|Any CPU.ActiveCfg = Debug|Any CPU
		{8AB1EF54-88EE-45B3-AA90-E5F20F6DADA1}.Debug|Any CPU.Build.0 = Debug|Any CPU
		{8AB1EF54-88EE-45B3-AA90-E5F20F6DADA1}.Debug|x64.ActiveCfg = Debug|Any CPU
		{8AB1EF54-88EE-45B3-AA90-E5F20F6DADA1}.Debug|x64.Build.0 = Debug|Any CPU
		{8AB1EF54-88EE-45B3-AA90-E5F20F6DADA1}.Release|Any CPU.ActiveCfg = Release|Any CPU
		{8AB1EF54-88EE-45B3-AA90-E5F20F6DADA1}.Release|Any CPU.Build.0 = Release|Any CPU
		{8AB1EF54-88EE-45B3-AA90-E5F20F6DADA1}.Release|x64.ActiveCfg = Release|Any CPU
		{8AB1EF54-88EE-45B3-AA90-E5F20F6DADA1}.Release|x64.Build.0 = Release|Any CPU
		{81D32964-D86F-4A60-AF2E-9EDCB37DC79E}.Debug|Any CPU.ActiveCfg = Debug|Any CPU
		{81D32964-D86F-4A60-AF2E-9EDCB37DC79E}.Debug|Any CPU.Build.0 = Debug|Any CPU
		{81D32964-D86F-4A60-AF2E-9EDCB37DC79E}.Debug|x64.ActiveCfg = Debug|Any CPU
		{81D32964-D86F-4A60-AF2E-9EDCB37DC79E}.Debug|x64.Build.0 = Debug|Any CPU
		{81D32964-D86F-4A60-AF2E-9EDCB37DC79E}.Release|Any CPU.ActiveCfg = Release|Any CPU
		{81D32964-D86F-4A60-AF2E-9EDCB37DC79E}.Release|Any CPU.Build.0 = Release|Any CPU
		{81D32964-D86F-4A60-AF2E-9EDCB37DC79E}.Release|x64.ActiveCfg = Release|Any CPU
		{81D32964-D86F-4A60-AF2E-9EDCB37DC79E}.Release|x64.Build.0 = Release|Any CPU
		{8C5E1916-A29B-4479-BA15-57F1F2D0C6E8}.Debug|Any CPU.ActiveCfg = Debug|x64
		{8C5E1916-A29B-4479-BA15-57F1F2D0C6E8}.Debug|Any CPU.Build.0 = Debug|x64
		{8C5E1916-A29B-4479-BA15-57F1F2D0C6E8}.Debug|x64.ActiveCfg = Debug|x64
		{8C5E1916-A29B-4479-BA15-57F1F2D0C6E8}.Debug|x64.Build.0 = Debug|x64
		{8C5E1916-A29B-4479-BA15-57F1F2D0C6E8}.Release|Any CPU.ActiveCfg = Release|x64
		{8C5E1916-A29B-4479-BA15-57F1F2D0C6E8}.Release|x64.ActiveCfg = Release|x64
		{8C5E1916-A29B-4479-BA15-57F1F2D0C6E8}.Release|x64.Build.0 = Release|x64
		{7A01BA78-A0AD-44B6-9487-F4B60AA4673D}.Debug|Any CPU.ActiveCfg = Debug|Any CPU
		{7A01BA78-A0AD-44B6-9487-F4B60AA4673D}.Debug|Any CPU.Build.0 = Debug|Any CPU
		{7A01BA78-A0AD-44B6-9487-F4B60AA4673D}.Debug|x64.ActiveCfg = Debug|Any CPU
		{7A01BA78-A0AD-44B6-9487-F4B60AA4673D}.Debug|x64.Build.0 = Debug|Any CPU
		{7A01BA78-A0AD-44B6-9487-F4B60AA4673D}.Release|Any CPU.ActiveCfg = Release|Any CPU
		{7A01BA78-A0AD-44B6-9487-F4B60AA4673D}.Release|Any CPU.Build.0 = Release|Any CPU
		{7A01BA78-A0AD-44B6-9487-F4B60AA4673D}.Release|x64.ActiveCfg = Release|Any CPU
		{7A01BA78-A0AD-44B6-9487-F4B60AA4673D}.Release|x64.Build.0 = Release|Any CPU
		{79B21BFD-9BFE-4A05-AE2E-D97BD9E09D6F}.Debug|Any CPU.ActiveCfg = Debug|Any CPU
		{79B21BFD-9BFE-4A05-AE2E-D97BD9E09D6F}.Debug|Any CPU.Build.0 = Debug|Any CPU
		{79B21BFD-9BFE-4A05-AE2E-D97BD9E09D6F}.Debug|x64.ActiveCfg = Debug|Any CPU
		{79B21BFD-9BFE-4A05-AE2E-D97BD9E09D6F}.Debug|x64.Build.0 = Debug|Any CPU
		{79B21BFD-9BFE-4A05-AE2E-D97BD9E09D6F}.Release|Any CPU.ActiveCfg = Release|Any CPU
		{79B21BFD-9BFE-4A05-AE2E-D97BD9E09D6F}.Release|Any CPU.Build.0 = Release|Any CPU
		{79B21BFD-9BFE-4A05-AE2E-D97BD9E09D6F}.Release|x64.ActiveCfg = Release|Any CPU
		{79B21BFD-9BFE-4A05-AE2E-D97BD9E09D6F}.Release|x64.Build.0 = Release|Any CPU
		{0A09413B-6179-4D34-8753-AA33E939E952}.Debug|Any CPU.ActiveCfg = Debug|Any CPU
		{0A09413B-6179-4D34-8753-AA33E939E952}.Debug|Any CPU.Build.0 = Debug|Any CPU
		{0A09413B-6179-4D34-8753-AA33E939E952}.Debug|x64.ActiveCfg = Debug|Any CPU
		{0A09413B-6179-4D34-8753-AA33E939E952}.Debug|x64.Build.0 = Debug|Any CPU
		{0A09413B-6179-4D34-8753-AA33E939E952}.Release|Any CPU.ActiveCfg = Release|Any CPU
		{0A09413B-6179-4D34-8753-AA33E939E952}.Release|Any CPU.Build.0 = Release|Any CPU
		{0A09413B-6179-4D34-8753-AA33E939E952}.Release|x64.ActiveCfg = Release|Any CPU
		{0A09413B-6179-4D34-8753-AA33E939E952}.Release|x64.Build.0 = Release|Any CPU
		{BA7E02AD-E069-4851-AFF6-312191475719}.Debug|Any CPU.ActiveCfg = Debug|Any CPU
		{BA7E02AD-E069-4851-AFF6-312191475719}.Debug|Any CPU.Build.0 = Debug|Any CPU
		{BA7E02AD-E069-4851-AFF6-312191475719}.Debug|x64.ActiveCfg = Debug|Any CPU
		{BA7E02AD-E069-4851-AFF6-312191475719}.Debug|x64.Build.0 = Debug|Any CPU
		{BA7E02AD-E069-4851-AFF6-312191475719}.Release|Any CPU.ActiveCfg = Release|Any CPU
		{BA7E02AD-E069-4851-AFF6-312191475719}.Release|Any CPU.Build.0 = Release|Any CPU
		{BA7E02AD-E069-4851-AFF6-312191475719}.Release|x64.ActiveCfg = Release|Any CPU
		{BA7E02AD-E069-4851-AFF6-312191475719}.Release|x64.Build.0 = Release|Any CPU
		{0C7B747F-0C87-4A16-AC41-8520860713BB}.Debug|Any CPU.ActiveCfg = Debug|Any CPU
		{0C7B747F-0C87-4A16-AC41-8520860713BB}.Debug|Any CPU.Build.0 = Debug|Any CPU
		{0C7B747F-0C87-4A16-AC41-8520860713BB}.Debug|x64.ActiveCfg = Debug|Any CPU
		{0C7B747F-0C87-4A16-AC41-8520860713BB}.Debug|x64.Build.0 = Debug|Any CPU
		{0C7B747F-0C87-4A16-AC41-8520860713BB}.Release|Any CPU.ActiveCfg = Release|Any CPU
		{0C7B747F-0C87-4A16-AC41-8520860713BB}.Release|Any CPU.Build.0 = Release|Any CPU
		{0C7B747F-0C87-4A16-AC41-8520860713BB}.Release|x64.ActiveCfg = Release|Any CPU
		{0C7B747F-0C87-4A16-AC41-8520860713BB}.Release|x64.Build.0 = Release|Any CPU
		{827A4311-6F8C-4378-8481-5342255C5B40}.Debug|Any CPU.ActiveCfg = Debug|Any CPU
		{827A4311-6F8C-4378-8481-5342255C5B40}.Debug|Any CPU.Build.0 = Debug|Any CPU
		{827A4311-6F8C-4378-8481-5342255C5B40}.Debug|x64.ActiveCfg = Debug|Any CPU
		{827A4311-6F8C-4378-8481-5342255C5B40}.Debug|x64.Build.0 = Debug|Any CPU
		{827A4311-6F8C-4378-8481-5342255C5B40}.Release|Any CPU.ActiveCfg = Release|Any CPU
		{827A4311-6F8C-4378-8481-5342255C5B40}.Release|Any CPU.Build.0 = Release|Any CPU
		{827A4311-6F8C-4378-8481-5342255C5B40}.Release|x64.ActiveCfg = Release|Any CPU
		{827A4311-6F8C-4378-8481-5342255C5B40}.Release|x64.Build.0 = Release|Any CPU
		{1B366125-479D-463F-93BE-FA88A26B1D62}.Debug|Any CPU.ActiveCfg = Debug|Any CPU
		{1B366125-479D-463F-93BE-FA88A26B1D62}.Debug|Any CPU.Build.0 = Debug|Any CPU
		{1B366125-479D-463F-93BE-FA88A26B1D62}.Debug|x64.ActiveCfg = Debug|Any CPU
		{1B366125-479D-463F-93BE-FA88A26B1D62}.Debug|x64.Build.0 = Debug|Any CPU
		{1B366125-479D-463F-93BE-FA88A26B1D62}.Release|Any CPU.ActiveCfg = Release|Any CPU
		{1B366125-479D-463F-93BE-FA88A26B1D62}.Release|Any CPU.Build.0 = Release|Any CPU
		{1B366125-479D-463F-93BE-FA88A26B1D62}.Release|x64.ActiveCfg = Release|Any CPU
		{1B366125-479D-463F-93BE-FA88A26B1D62}.Release|x64.Build.0 = Release|Any CPU
		{8755EE05-F3CE-4054-BD0F-C0DDE86F0BC4}.Debug|Any CPU.ActiveCfg = Debug|Any CPU
		{8755EE05-F3CE-4054-BD0F-C0DDE86F0BC4}.Debug|Any CPU.Build.0 = Debug|Any CPU
		{8755EE05-F3CE-4054-BD0F-C0DDE86F0BC4}.Debug|x64.ActiveCfg = Debug|Any CPU
		{8755EE05-F3CE-4054-BD0F-C0DDE86F0BC4}.Debug|x64.Build.0 = Debug|Any CPU
		{8755EE05-F3CE-4054-BD0F-C0DDE86F0BC4}.Release|Any CPU.ActiveCfg = Release|Any CPU
		{8755EE05-F3CE-4054-BD0F-C0DDE86F0BC4}.Release|Any CPU.Build.0 = Release|Any CPU
		{8755EE05-F3CE-4054-BD0F-C0DDE86F0BC4}.Release|x64.ActiveCfg = Release|Any CPU
		{8755EE05-F3CE-4054-BD0F-C0DDE86F0BC4}.Release|x64.Build.0 = Release|Any CPU
		{9B5D1581-F623-4247-BB22-44A566B00AA5}.Debug|Any CPU.ActiveCfg = Debug|Any CPU
		{9B5D1581-F623-4247-BB22-44A566B00AA5}.Debug|Any CPU.Build.0 = Debug|Any CPU
		{9B5D1581-F623-4247-BB22-44A566B00AA5}.Debug|x64.ActiveCfg = Debug|Any CPU
		{9B5D1581-F623-4247-BB22-44A566B00AA5}.Debug|x64.Build.0 = Debug|Any CPU
		{9B5D1581-F623-4247-BB22-44A566B00AA5}.Release|Any CPU.ActiveCfg = Release|Any CPU
		{9B5D1581-F623-4247-BB22-44A566B00AA5}.Release|Any CPU.Build.0 = Release|Any CPU
		{9B5D1581-F623-4247-BB22-44A566B00AA5}.Release|x64.ActiveCfg = Release|Any CPU
		{9B5D1581-F623-4247-BB22-44A566B00AA5}.Release|x64.Build.0 = Release|Any CPU
		{F26747A5-90D4-4F8F-A906-4355EC4E68CF}.Debug|Any CPU.ActiveCfg = Debug|Any CPU
		{F26747A5-90D4-4F8F-A906-4355EC4E68CF}.Debug|Any CPU.Build.0 = Debug|Any CPU
		{F26747A5-90D4-4F8F-A906-4355EC4E68CF}.Debug|x64.ActiveCfg = Debug|Any CPU
		{F26747A5-90D4-4F8F-A906-4355EC4E68CF}.Debug|x64.Build.0 = Debug|Any CPU
		{F26747A5-90D4-4F8F-A906-4355EC4E68CF}.Release|Any CPU.ActiveCfg = Release|Any CPU
		{F26747A5-90D4-4F8F-A906-4355EC4E68CF}.Release|Any CPU.Build.0 = Release|Any CPU
		{F26747A5-90D4-4F8F-A906-4355EC4E68CF}.Release|x64.ActiveCfg = Release|Any CPU
		{F26747A5-90D4-4F8F-A906-4355EC4E68CF}.Release|x64.Build.0 = Release|Any CPU
		{747DDE3D-96FD-43F4-B49D-79A42ABE885F}.Debug|Any CPU.ActiveCfg = Debug|Any CPU
		{747DDE3D-96FD-43F4-B49D-79A42ABE885F}.Debug|Any CPU.Build.0 = Debug|Any CPU
		{747DDE3D-96FD-43F4-B49D-79A42ABE885F}.Debug|x64.ActiveCfg = Debug|Any CPU
		{747DDE3D-96FD-43F4-B49D-79A42ABE885F}.Debug|x64.Build.0 = Debug|Any CPU
		{747DDE3D-96FD-43F4-B49D-79A42ABE885F}.Release|Any CPU.ActiveCfg = Release|Any CPU
		{747DDE3D-96FD-43F4-B49D-79A42ABE885F}.Release|Any CPU.Build.0 = Release|Any CPU
		{747DDE3D-96FD-43F4-B49D-79A42ABE885F}.Release|x64.ActiveCfg = Release|Any CPU
		{747DDE3D-96FD-43F4-B49D-79A42ABE885F}.Release|x64.Build.0 = Release|Any CPU
		{68F5C9BC-7EAF-4572-A3BF-F050914CC761}.Debug|Any CPU.ActiveCfg = Debug|Any CPU
		{68F5C9BC-7EAF-4572-A3BF-F050914CC761}.Debug|Any CPU.Build.0 = Debug|Any CPU
		{68F5C9BC-7EAF-4572-A3BF-F050914CC761}.Debug|x64.ActiveCfg = Debug|Any CPU
		{68F5C9BC-7EAF-4572-A3BF-F050914CC761}.Debug|x64.Build.0 = Debug|Any CPU
		{68F5C9BC-7EAF-4572-A3BF-F050914CC761}.Release|Any CPU.ActiveCfg = Release|Any CPU
		{68F5C9BC-7EAF-4572-A3BF-F050914CC761}.Release|Any CPU.Build.0 = Release|Any CPU
		{68F5C9BC-7EAF-4572-A3BF-F050914CC761}.Release|x64.ActiveCfg = Release|Any CPU
		{68F5C9BC-7EAF-4572-A3BF-F050914CC761}.Release|x64.Build.0 = Release|Any CPU
		{84664B0A-B5E5-4C17-9C97-1E8C6E7345EA}.Debug|Any CPU.ActiveCfg = Debug|Any CPU
		{84664B0A-B5E5-4C17-9C97-1E8C6E7345EA}.Debug|Any CPU.Build.0 = Debug|Any CPU
		{84664B0A-B5E5-4C17-9C97-1E8C6E7345EA}.Debug|x64.ActiveCfg = Debug|Any CPU
		{84664B0A-B5E5-4C17-9C97-1E8C6E7345EA}.Debug|x64.Build.0 = Debug|Any CPU
		{84664B0A-B5E5-4C17-9C97-1E8C6E7345EA}.Release|Any CPU.ActiveCfg = Release|Any CPU
		{84664B0A-B5E5-4C17-9C97-1E8C6E7345EA}.Release|Any CPU.Build.0 = Release|Any CPU
		{84664B0A-B5E5-4C17-9C97-1E8C6E7345EA}.Release|x64.ActiveCfg = Release|Any CPU
		{84664B0A-B5E5-4C17-9C97-1E8C6E7345EA}.Release|x64.Build.0 = Release|Any CPU
		{808AE7C0-1A42-4E75-98DB-43191A020F5A}.Debug|Any CPU.ActiveCfg = Debug|Any CPU
		{808AE7C0-1A42-4E75-98DB-43191A020F5A}.Debug|Any CPU.Build.0 = Debug|Any CPU
		{808AE7C0-1A42-4E75-98DB-43191A020F5A}.Debug|x64.ActiveCfg = Debug|Any CPU
		{808AE7C0-1A42-4E75-98DB-43191A020F5A}.Debug|x64.Build.0 = Debug|Any CPU
		{808AE7C0-1A42-4E75-98DB-43191A020F5A}.Release|Any CPU.ActiveCfg = Release|Any CPU
		{808AE7C0-1A42-4E75-98DB-43191A020F5A}.Release|Any CPU.Build.0 = Release|Any CPU
		{808AE7C0-1A42-4E75-98DB-43191A020F5A}.Release|x64.ActiveCfg = Release|Any CPU
		{808AE7C0-1A42-4E75-98DB-43191A020F5A}.Release|x64.Build.0 = Release|Any CPU
		{A14A9BAF-2FAA-4405-9ADD-696965989C37}.Debug|Any CPU.ActiveCfg = Debug|Any CPU
		{A14A9BAF-2FAA-4405-9ADD-696965989C37}.Debug|Any CPU.Build.0 = Debug|Any CPU
		{A14A9BAF-2FAA-4405-9ADD-696965989C37}.Debug|x64.ActiveCfg = Debug|Any CPU
		{A14A9BAF-2FAA-4405-9ADD-696965989C37}.Debug|x64.Build.0 = Debug|Any CPU
		{A14A9BAF-2FAA-4405-9ADD-696965989C37}.Release|Any CPU.ActiveCfg = Release|Any CPU
		{A14A9BAF-2FAA-4405-9ADD-696965989C37}.Release|Any CPU.Build.0 = Release|Any CPU
		{A14A9BAF-2FAA-4405-9ADD-696965989C37}.Release|x64.ActiveCfg = Release|Any CPU
		{A14A9BAF-2FAA-4405-9ADD-696965989C37}.Release|x64.Build.0 = Release|Any CPU
		{C62F12A1-79B8-4D0D-A0A6-31C221A12867}.Debug|Any CPU.ActiveCfg = Debug|Any CPU
		{C62F12A1-79B8-4D0D-A0A6-31C221A12867}.Debug|Any CPU.Build.0 = Debug|Any CPU
		{C62F12A1-79B8-4D0D-A0A6-31C221A12867}.Debug|x64.ActiveCfg = Debug|Any CPU
		{C62F12A1-79B8-4D0D-A0A6-31C221A12867}.Debug|x64.Build.0 = Debug|Any CPU
		{C62F12A1-79B8-4D0D-A0A6-31C221A12867}.Release|Any CPU.ActiveCfg = Release|Any CPU
		{C62F12A1-79B8-4D0D-A0A6-31C221A12867}.Release|Any CPU.Build.0 = Release|Any CPU
		{C62F12A1-79B8-4D0D-A0A6-31C221A12867}.Release|x64.ActiveCfg = Release|Any CPU
		{C62F12A1-79B8-4D0D-A0A6-31C221A12867}.Release|x64.Build.0 = Release|Any CPU
		{E1C6725F-612E-4909-A8E7-FEF9D2F03454}.Debug|Any CPU.ActiveCfg = Debug|Any CPU
		{E1C6725F-612E-4909-A8E7-FEF9D2F03454}.Debug|Any CPU.Build.0 = Debug|Any CPU
		{E1C6725F-612E-4909-A8E7-FEF9D2F03454}.Debug|x64.ActiveCfg = Debug|Any CPU
		{E1C6725F-612E-4909-A8E7-FEF9D2F03454}.Debug|x64.Build.0 = Debug|Any CPU
		{E1C6725F-612E-4909-A8E7-FEF9D2F03454}.Release|Any CPU.ActiveCfg = Release|Any CPU
		{E1C6725F-612E-4909-A8E7-FEF9D2F03454}.Release|Any CPU.Build.0 = Release|Any CPU
		{E1C6725F-612E-4909-A8E7-FEF9D2F03454}.Release|x64.ActiveCfg = Release|Any CPU
		{E1C6725F-612E-4909-A8E7-FEF9D2F03454}.Release|x64.Build.0 = Release|Any CPU
		{CEA0BA2F-67A7-4F98-92E4-0AA2D540BD02}.Debug|Any CPU.ActiveCfg = Debug|Any CPU
		{CEA0BA2F-67A7-4F98-92E4-0AA2D540BD02}.Debug|Any CPU.Build.0 = Debug|Any CPU
		{CEA0BA2F-67A7-4F98-92E4-0AA2D540BD02}.Debug|x64.ActiveCfg = Debug|Any CPU
		{CEA0BA2F-67A7-4F98-92E4-0AA2D540BD02}.Debug|x64.Build.0 = Debug|Any CPU
		{CEA0BA2F-67A7-4F98-92E4-0AA2D540BD02}.Release|Any CPU.ActiveCfg = Release|Any CPU
		{CEA0BA2F-67A7-4F98-92E4-0AA2D540BD02}.Release|Any CPU.Build.0 = Release|Any CPU
		{CEA0BA2F-67A7-4F98-92E4-0AA2D540BD02}.Release|x64.ActiveCfg = Release|Any CPU
		{CEA0BA2F-67A7-4F98-92E4-0AA2D540BD02}.Release|x64.Build.0 = Release|Any CPU
		{3391F39A-ADE2-4234-BCF3-25E5F3326992}.Debug|Any CPU.ActiveCfg = Debug|Any CPU
		{3391F39A-ADE2-4234-BCF3-25E5F3326992}.Debug|Any CPU.Build.0 = Debug|Any CPU
		{3391F39A-ADE2-4234-BCF3-25E5F3326992}.Debug|x64.ActiveCfg = Debug|Any CPU
		{3391F39A-ADE2-4234-BCF3-25E5F3326992}.Debug|x64.Build.0 = Debug|Any CPU
		{3391F39A-ADE2-4234-BCF3-25E5F3326992}.Release|Any CPU.ActiveCfg = Release|Any CPU
		{3391F39A-ADE2-4234-BCF3-25E5F3326992}.Release|Any CPU.Build.0 = Release|Any CPU
		{3391F39A-ADE2-4234-BCF3-25E5F3326992}.Release|x64.ActiveCfg = Release|Any CPU
		{3391F39A-ADE2-4234-BCF3-25E5F3326992}.Release|x64.Build.0 = Release|Any CPU
		{422990D0-46B6-4497-BAF7-3A38A8D92BCE}.Debug|Any CPU.ActiveCfg = Debug|Any CPU
		{422990D0-46B6-4497-BAF7-3A38A8D92BCE}.Debug|Any CPU.Build.0 = Debug|Any CPU
		{422990D0-46B6-4497-BAF7-3A38A8D92BCE}.Debug|x64.ActiveCfg = Debug|Any CPU
		{422990D0-46B6-4497-BAF7-3A38A8D92BCE}.Debug|x64.Build.0 = Debug|Any CPU
		{422990D0-46B6-4497-BAF7-3A38A8D92BCE}.Release|Any CPU.ActiveCfg = Release|Any CPU
		{422990D0-46B6-4497-BAF7-3A38A8D92BCE}.Release|Any CPU.Build.0 = Release|Any CPU
		{422990D0-46B6-4497-BAF7-3A38A8D92BCE}.Release|x64.ActiveCfg = Release|Any CPU
		{422990D0-46B6-4497-BAF7-3A38A8D92BCE}.Release|x64.Build.0 = Release|Any CPU
		{23A30DAC-0C91-4DF9-AA27-7F816096FCAD}.Debug|Any CPU.ActiveCfg = Debug|Any CPU
		{23A30DAC-0C91-4DF9-AA27-7F816096FCAD}.Debug|Any CPU.Build.0 = Debug|Any CPU
		{23A30DAC-0C91-4DF9-AA27-7F816096FCAD}.Debug|x64.ActiveCfg = Debug|Any CPU
		{23A30DAC-0C91-4DF9-AA27-7F816096FCAD}.Debug|x64.Build.0 = Debug|Any CPU
		{23A30DAC-0C91-4DF9-AA27-7F816096FCAD}.Release|Any CPU.ActiveCfg = Release|Any CPU
		{23A30DAC-0C91-4DF9-AA27-7F816096FCAD}.Release|Any CPU.Build.0 = Release|Any CPU
		{23A30DAC-0C91-4DF9-AA27-7F816096FCAD}.Release|x64.ActiveCfg = Release|Any CPU
		{23A30DAC-0C91-4DF9-AA27-7F816096FCAD}.Release|x64.Build.0 = Release|Any CPU
		{CE15F382-2466-4E2B-A382-AF68B28B3849}.Debug|Any CPU.ActiveCfg = Debug|Any CPU
		{CE15F382-2466-4E2B-A382-AF68B28B3849}.Debug|Any CPU.Build.0 = Debug|Any CPU
		{CE15F382-2466-4E2B-A382-AF68B28B3849}.Debug|x64.ActiveCfg = Debug|Any CPU
		{CE15F382-2466-4E2B-A382-AF68B28B3849}.Debug|x64.Build.0 = Debug|Any CPU
		{CE15F382-2466-4E2B-A382-AF68B28B3849}.Release|Any CPU.ActiveCfg = Release|Any CPU
		{CE15F382-2466-4E2B-A382-AF68B28B3849}.Release|Any CPU.Build.0 = Release|Any CPU
		{CE15F382-2466-4E2B-A382-AF68B28B3849}.Release|x64.ActiveCfg = Release|Any CPU
		{CE15F382-2466-4E2B-A382-AF68B28B3849}.Release|x64.Build.0 = Release|Any CPU
		{88BF4006-2AD7-405B-9763-805CFE9E457D}.Debug|Any CPU.ActiveCfg = Debug|Any CPU
		{88BF4006-2AD7-405B-9763-805CFE9E457D}.Debug|Any CPU.Build.0 = Debug|Any CPU
		{88BF4006-2AD7-405B-9763-805CFE9E457D}.Debug|x64.ActiveCfg = Debug|Any CPU
		{88BF4006-2AD7-405B-9763-805CFE9E457D}.Debug|x64.Build.0 = Debug|Any CPU
		{88BF4006-2AD7-405B-9763-805CFE9E457D}.Release|Any CPU.ActiveCfg = Release|Any CPU
		{88BF4006-2AD7-405B-9763-805CFE9E457D}.Release|Any CPU.Build.0 = Release|Any CPU
		{88BF4006-2AD7-405B-9763-805CFE9E457D}.Release|x64.ActiveCfg = Release|Any CPU
		{88BF4006-2AD7-405B-9763-805CFE9E457D}.Release|x64.Build.0 = Release|Any CPU
		{0D8E190C-6F3F-4F8F-8DAB-CBF86C050A71}.Debug|Any CPU.ActiveCfg = Debug|Any CPU
		{0D8E190C-6F3F-4F8F-8DAB-CBF86C050A71}.Debug|Any CPU.Build.0 = Debug|Any CPU
		{0D8E190C-6F3F-4F8F-8DAB-CBF86C050A71}.Debug|x64.ActiveCfg = Debug|Any CPU
		{0D8E190C-6F3F-4F8F-8DAB-CBF86C050A71}.Debug|x64.Build.0 = Debug|Any CPU
		{0D8E190C-6F3F-4F8F-8DAB-CBF86C050A71}.Release|Any CPU.ActiveCfg = Release|Any CPU
		{0D8E190C-6F3F-4F8F-8DAB-CBF86C050A71}.Release|Any CPU.Build.0 = Release|Any CPU
		{0D8E190C-6F3F-4F8F-8DAB-CBF86C050A71}.Release|x64.ActiveCfg = Release|Any CPU
		{0D8E190C-6F3F-4F8F-8DAB-CBF86C050A71}.Release|x64.Build.0 = Release|Any CPU
		{084042E9-B432-485B-82E8-8189AB5828D4}.Debug|Any CPU.ActiveCfg = Debug|Any CPU
		{084042E9-B432-485B-82E8-8189AB5828D4}.Debug|Any CPU.Build.0 = Debug|Any CPU
		{084042E9-B432-485B-82E8-8189AB5828D4}.Debug|x64.ActiveCfg = Debug|Any CPU
		{084042E9-B432-485B-82E8-8189AB5828D4}.Debug|x64.Build.0 = Debug|Any CPU
		{084042E9-B432-485B-82E8-8189AB5828D4}.Release|Any CPU.ActiveCfg = Release|Any CPU
		{084042E9-B432-485B-82E8-8189AB5828D4}.Release|Any CPU.Build.0 = Release|Any CPU
		{084042E9-B432-485B-82E8-8189AB5828D4}.Release|x64.ActiveCfg = Release|Any CPU
		{084042E9-B432-485B-82E8-8189AB5828D4}.Release|x64.Build.0 = Release|Any CPU
		{3F9191E6-F40C-4C17-B801-CAE4600B1BDB}.Debug|Any CPU.ActiveCfg = Debug|Any CPU
		{3F9191E6-F40C-4C17-B801-CAE4600B1BDB}.Debug|Any CPU.Build.0 = Debug|Any CPU
		{3F9191E6-F40C-4C17-B801-CAE4600B1BDB}.Debug|x64.ActiveCfg = Debug|Any CPU
		{3F9191E6-F40C-4C17-B801-CAE4600B1BDB}.Debug|x64.Build.0 = Debug|Any CPU
		{3F9191E6-F40C-4C17-B801-CAE4600B1BDB}.Release|Any CPU.ActiveCfg = Release|Any CPU
		{3F9191E6-F40C-4C17-B801-CAE4600B1BDB}.Release|Any CPU.Build.0 = Release|Any CPU
		{3F9191E6-F40C-4C17-B801-CAE4600B1BDB}.Release|x64.ActiveCfg = Release|Any CPU
		{3F9191E6-F40C-4C17-B801-CAE4600B1BDB}.Release|x64.Build.0 = Release|Any CPU
		{669C16BC-6DF9-42F4-A474-D3842EFB1D8D}.Debug|Any CPU.ActiveCfg = Debug|Any CPU
		{669C16BC-6DF9-42F4-A474-D3842EFB1D8D}.Debug|Any CPU.Build.0 = Debug|Any CPU
		{669C16BC-6DF9-42F4-A474-D3842EFB1D8D}.Debug|x64.ActiveCfg = Debug|Any CPU
		{669C16BC-6DF9-42F4-A474-D3842EFB1D8D}.Debug|x64.Build.0 = Debug|Any CPU
		{669C16BC-6DF9-42F4-A474-D3842EFB1D8D}.Release|Any CPU.ActiveCfg = Release|Any CPU
		{669C16BC-6DF9-42F4-A474-D3842EFB1D8D}.Release|Any CPU.Build.0 = Release|Any CPU
		{669C16BC-6DF9-42F4-A474-D3842EFB1D8D}.Release|x64.ActiveCfg = Release|Any CPU
		{669C16BC-6DF9-42F4-A474-D3842EFB1D8D}.Release|x64.Build.0 = Release|Any CPU
		{731F87EA-745A-4B2D-B3F0-58B47AF0AED4}.Debug|Any CPU.ActiveCfg = Debug|Any CPU
		{731F87EA-745A-4B2D-B3F0-58B47AF0AED4}.Debug|Any CPU.Build.0 = Debug|Any CPU
		{731F87EA-745A-4B2D-B3F0-58B47AF0AED4}.Debug|x64.ActiveCfg = Debug|Any CPU
		{731F87EA-745A-4B2D-B3F0-58B47AF0AED4}.Debug|x64.Build.0 = Debug|Any CPU
		{731F87EA-745A-4B2D-B3F0-58B47AF0AED4}.Release|Any CPU.ActiveCfg = Release|Any CPU
		{731F87EA-745A-4B2D-B3F0-58B47AF0AED4}.Release|Any CPU.Build.0 = Release|Any CPU
		{731F87EA-745A-4B2D-B3F0-58B47AF0AED4}.Release|x64.ActiveCfg = Release|Any CPU
		{731F87EA-745A-4B2D-B3F0-58B47AF0AED4}.Release|x64.Build.0 = Release|Any CPU
		{EDE02860-E734-4208-B286-12E91B91143E}.Debug|Any CPU.ActiveCfg = Debug|Any CPU
		{EDE02860-E734-4208-B286-12E91B91143E}.Debug|Any CPU.Build.0 = Debug|Any CPU
		{EDE02860-E734-4208-B286-12E91B91143E}.Debug|x64.ActiveCfg = Debug|Any CPU
		{EDE02860-E734-4208-B286-12E91B91143E}.Debug|x64.Build.0 = Debug|Any CPU
		{EDE02860-E734-4208-B286-12E91B91143E}.Release|Any CPU.ActiveCfg = Release|Any CPU
		{EDE02860-E734-4208-B286-12E91B91143E}.Release|Any CPU.Build.0 = Release|Any CPU
		{EDE02860-E734-4208-B286-12E91B91143E}.Release|x64.ActiveCfg = Release|Any CPU
		{EDE02860-E734-4208-B286-12E91B91143E}.Release|x64.Build.0 = Release|Any CPU
		{222B2228-B955-4F73-91DC-2C96407036F6}.Debug|Any CPU.ActiveCfg = Debug|Any CPU
		{222B2228-B955-4F73-91DC-2C96407036F6}.Debug|Any CPU.Build.0 = Debug|Any CPU
		{222B2228-B955-4F73-91DC-2C96407036F6}.Debug|x64.ActiveCfg = Debug|Any CPU
		{222B2228-B955-4F73-91DC-2C96407036F6}.Debug|x64.Build.0 = Debug|Any CPU
		{222B2228-B955-4F73-91DC-2C96407036F6}.Release|Any CPU.ActiveCfg = Release|Any CPU
		{222B2228-B955-4F73-91DC-2C96407036F6}.Release|Any CPU.Build.0 = Release|Any CPU
		{222B2228-B955-4F73-91DC-2C96407036F6}.Release|x64.ActiveCfg = Release|Any CPU
		{222B2228-B955-4F73-91DC-2C96407036F6}.Release|x64.Build.0 = Release|Any CPU
		{A5DF6DD4-394C-4C77-98CC-505253FB5D99}.Debug|Any CPU.ActiveCfg = Debug|Any CPU
		{A5DF6DD4-394C-4C77-98CC-505253FB5D99}.Debug|Any CPU.Build.0 = Debug|Any CPU
		{A5DF6DD4-394C-4C77-98CC-505253FB5D99}.Debug|x64.ActiveCfg = Debug|Any CPU
		{A5DF6DD4-394C-4C77-98CC-505253FB5D99}.Debug|x64.Build.0 = Debug|Any CPU
		{A5DF6DD4-394C-4C77-98CC-505253FB5D99}.Release|Any CPU.ActiveCfg = Release|Any CPU
		{A5DF6DD4-394C-4C77-98CC-505253FB5D99}.Release|Any CPU.Build.0 = Release|Any CPU
		{A5DF6DD4-394C-4C77-98CC-505253FB5D99}.Release|x64.ActiveCfg = Release|Any CPU
		{A5DF6DD4-394C-4C77-98CC-505253FB5D99}.Release|x64.Build.0 = Release|Any CPU
	EndGlobalSection
	GlobalSection(SolutionProperties) = preSolution
		HideSolutionNode = FALSE
	EndGlobalSection
	GlobalSection(NestedProjects) = preSolution
		{0D0744E0-76C0-4C14-9E63-F8A4C119D855} = {DD0ACA2A-043F-463B-A9BD-D030BB756BFD}
		{8C5E1916-A29B-4479-BA15-57F1F2D0C6E8} = {1D74ABFE-9A2B-490D-A053-7AF815EF4523}
		{7A01BA78-A0AD-44B6-9487-F4B60AA4673D} = {1D74ABFE-9A2B-490D-A053-7AF815EF4523}
		{79B21BFD-9BFE-4A05-AE2E-D97BD9E09D6F} = {1D74ABFE-9A2B-490D-A053-7AF815EF4523}
		{0A09413B-6179-4D34-8753-AA33E939E952} = {DD0ACA2A-043F-463B-A9BD-D030BB756BFD}
		{BA7E02AD-E069-4851-AFF6-312191475719} = {DD0ACA2A-043F-463B-A9BD-D030BB756BFD}
		{0C7B747F-0C87-4A16-AC41-8520860713BB} = {DD0ACA2A-043F-463B-A9BD-D030BB756BFD}
		{827A4311-6F8C-4378-8481-5342255C5B40} = {DD0ACA2A-043F-463B-A9BD-D030BB756BFD}
		{1B366125-479D-463F-93BE-FA88A26B1D62} = {DD0ACA2A-043F-463B-A9BD-D030BB756BFD}
		{8755EE05-F3CE-4054-BD0F-C0DDE86F0BC4} = {DD0ACA2A-043F-463B-A9BD-D030BB756BFD}
		{747DDE3D-96FD-43F4-B49D-79A42ABE885F} = {3BC2AB0E-64A1-456C-A5D6-D4DD7ADBF8E7}
		{68F5C9BC-7EAF-4572-A3BF-F050914CC761} = {3BC2AB0E-64A1-456C-A5D6-D4DD7ADBF8E7}
		{84664B0A-B5E5-4C17-9C97-1E8C6E7345EA} = {3BC2AB0E-64A1-456C-A5D6-D4DD7ADBF8E7}
		{808AE7C0-1A42-4E75-98DB-43191A020F5A} = {3BC2AB0E-64A1-456C-A5D6-D4DD7ADBF8E7}
		{A14A9BAF-2FAA-4405-9ADD-696965989C37} = {3BC2AB0E-64A1-456C-A5D6-D4DD7ADBF8E7}
		{C62F12A1-79B8-4D0D-A0A6-31C221A12867} = {3BC2AB0E-64A1-456C-A5D6-D4DD7ADBF8E7}
		{E1C6725F-612E-4909-A8E7-FEF9D2F03454} = {3BC2AB0E-64A1-456C-A5D6-D4DD7ADBF8E7}
		{CEA0BA2F-67A7-4F98-92E4-0AA2D540BD02} = {3BC2AB0E-64A1-456C-A5D6-D4DD7ADBF8E7}
		{3391F39A-ADE2-4234-BCF3-25E5F3326992} = {3BC2AB0E-64A1-456C-A5D6-D4DD7ADBF8E7}
		{422990D0-46B6-4497-BAF7-3A38A8D92BCE} = {3BC2AB0E-64A1-456C-A5D6-D4DD7ADBF8E7}
		{23A30DAC-0C91-4DF9-AA27-7F816096FCAD} = {3BC2AB0E-64A1-456C-A5D6-D4DD7ADBF8E7}
		{CE15F382-2466-4E2B-A382-AF68B28B3849} = {3BC2AB0E-64A1-456C-A5D6-D4DD7ADBF8E7}
		{084042E9-B432-485B-82E8-8189AB5828D4} = {DD0ACA2A-043F-463B-A9BD-D030BB756BFD}
		{3F9191E6-F40C-4C17-B801-CAE4600B1BDB} = {DD0ACA2A-043F-463B-A9BD-D030BB756BFD}
		{669C16BC-6DF9-42F4-A474-D3842EFB1D8D} = {DD0ACA2A-043F-463B-A9BD-D030BB756BFD}
		{731F87EA-745A-4B2D-B3F0-58B47AF0AED4} = {DD0ACA2A-043F-463B-A9BD-D030BB756BFD}
		{EDE02860-E734-4208-B286-12E91B91143E} = {DD0ACA2A-043F-463B-A9BD-D030BB756BFD}
		{222B2228-B955-4F73-91DC-2C96407036F6} = {DD0ACA2A-043F-463B-A9BD-D030BB756BFD}
		{A5DF6DD4-394C-4C77-98CC-505253FB5D99} = {DD0ACA2A-043F-463B-A9BD-D030BB756BFD}
	EndGlobalSection
	GlobalSection(ExtensibilityGlobals) = postSolution
		SolutionGuid = {D0131319-B353-4945-B36D-2260EBCC2581}
	EndGlobalSection
EndGlobal
